
Microsoft Visual Studio Solution File, Format Version 12.00
# Visual Studio 2012
Project("{FAE04EC0-301F-11D3-BF4B-00C04F79EFBC}") = "practiceapp", "practiceapp\practiceapp.csproj", "{B76DAA69-81A2-42F4-B040-8F034D29389E}"
EndProject
Project("{FAE04EC0-301F-11D3-BF4B-00C04F79EFBC}") = "practiceapp.iOS", "iOS\practiceapp.iOS.csproj", "{31AE5676-7450-4445-BA9D-4719F569860B}"
EndProject
Project("{FAE04EC0-301F-11D3-BF4B-00C04F79EFBC}") = "practiceapp.Droid", "Droid\practiceapp.Droid.csproj", "{47CC7987-D5C5-4448-A1EE-8FCF8A4CB278}"
EndProject
Global
	GlobalSection(SolutionConfigurationPlatforms) = preSolution
		Debug|Any CPU = Debug|Any CPU
		Release|Any CPU = Release|Any CPU
		Debug|iPhoneSimulator = Debug|iPhoneSimulator
		Release|iPhone = Release|iPhone
		Release|iPhoneSimulator = Release|iPhoneSimulator
		Debug|iPhone = Debug|iPhone
	EndGlobalSection
	GlobalSection(ProjectConfigurationPlatforms) = postSolution
		{B76DAA69-81A2-42F4-B040-8F034D29389E}.Debug|Any CPU.ActiveCfg = Debug|Any CPU
		{B76DAA69-81A2-42F4-B040-8F034D29389E}.Debug|Any CPU.Build.0 = Debug|Any CPU
		{B76DAA69-81A2-42F4-B040-8F034D29389E}.Release|Any CPU.ActiveCfg = Release|Any CPU
		{B76DAA69-81A2-42F4-B040-8F034D29389E}.Release|Any CPU.Build.0 = Release|Any CPU
		{B76DAA69-81A2-42F4-B040-8F034D29389E}.Debug|iPhoneSimulator.ActiveCfg = Debug|Any CPU
		{B76DAA69-81A2-42F4-B040-8F034D29389E}.Debug|iPhoneSimulator.Build.0 = Debug|Any CPU
		{B76DAA69-81A2-42F4-B040-8F034D29389E}.Release|iPhone.ActiveCfg = Release|Any CPU
		{B76DAA69-81A2-42F4-B040-8F034D29389E}.Release|iPhone.Build.0 = Release|Any CPU
		{B76DAA69-81A2-42F4-B040-8F034D29389E}.Release|iPhoneSimulator.ActiveCfg = Release|Any CPU
		{B76DAA69-81A2-42F4-B040-8F034D29389E}.Release|iPhoneSimulator.Build.0 = Release|Any CPU
		{B76DAA69-81A2-42F4-B040-8F034D29389E}.Debug|iPhone.ActiveCfg = Debug|Any CPU
		{B76DAA69-81A2-42F4-B040-8F034D29389E}.Debug|iPhone.Build.0 = Debug|Any CPU
		{31AE5676-7450-4445-BA9D-4719F569860B}.Debug|Any CPU.ActiveCfg = Debug|iPhoneSimulator
		{31AE5676-7450-4445-BA9D-4719F569860B}.Debug|Any CPU.Build.0 = Debug|iPhoneSimulator
		{31AE5676-7450-4445-BA9D-4719F569860B}.Release|Any CPU.ActiveCfg = Release|iPhone
		{31AE5676-7450-4445-BA9D-4719F569860B}.Release|Any CPU.Build.0 = Release|iPhone
		{31AE5676-7450-4445-BA9D-4719F569860B}.Debug|iPhoneSimulator.ActiveCfg = Debug|iPhoneSimulator
		{31AE5676-7450-4445-BA9D-4719F569860B}.Debug|iPhoneSimulator.Build.0 = Debug|iPhoneSimulator
		{31AE5676-7450-4445-BA9D-4719F569860B}.Release|iPhone.ActiveCfg = Release|iPhone
		{31AE5676-7450-4445-BA9D-4719F569860B}.Release|iPhone.Build.0 = Release|iPhone
		{31AE5676-7450-4445-BA9D-4719F569860B}.Release|iPhoneSimulator.ActiveCfg = Release|iPhoneSimulator
		{31AE5676-7450-4445-BA9D-4719F569860B}.Release|iPhoneSimulator.Build.0 = Release|iPhoneSimulator
		{31AE5676-7450-4445-BA9D-4719F569860B}.Debug|iPhone.ActiveCfg = Debug|iPhone
		{31AE5676-7450-4445-BA9D-4719F569860B}.Debug|iPhone.Build.0 = Debug|iPhone
		{47CC7987-D5C5-4448-A1EE-8FCF8A4CB278}.Debug|Any CPU.ActiveCfg = Debug|Any CPU
		{47CC7987-D5C5-4448-A1EE-8FCF8A4CB278}.Debug|Any CPU.Build.0 = Debug|Any CPU
		{47CC7987-D5C5-4448-A1EE-8FCF8A4CB278}.Release|Any CPU.ActiveCfg = Release|Any CPU
		{47CC7987-D5C5-4448-A1EE-8FCF8A4CB278}.Release|Any CPU.Build.0 = Release|Any CPU
		{47CC7987-D5C5-4448-A1EE-8FCF8A4CB278}.Debug|iPhoneSimulator.ActiveCfg = Debug|Any CPU
		{47CC7987-D5C5-4448-A1EE-8FCF8A4CB278}.Debug|iPhoneSimulator.Build.0 = Debug|Any CPU
		{47CC7987-D5C5-4448-A1EE-8FCF8A4CB278}.Release|iPhone.ActiveCfg = Release|Any CPU
		{47CC7987-D5C5-4448-A1EE-8FCF8A4CB278}.Release|iPhone.Build.0 = Release|Any CPU
		{47CC7987-D5C5-4448-A1EE-8FCF8A4CB278}.Release|iPhoneSimulator.ActiveCfg = Release|Any CPU
		{47CC7987-D5C5-4448-A1EE-8FCF8A4CB278}.Release|iPhoneSimulator.Build.0 = Release|Any CPU
		{47CC7987-D5C5-4448-A1EE-8FCF8A4CB278}.Debug|iPhone.ActiveCfg = Debug|Any CPU
		{47CC7987-D5C5-4448-A1EE-8FCF8A4CB278}.Debug|iPhone.Build.0 = Debug|Any CPU
	EndGlobalSection
EndGlobal
